
Microsoft Visual Studio Solution File, Format Version 12.00
# Visual Studio Version 16
VisualStudioVersion = 16.0.30002.166
MinimumVisualStudioVersion = 10.0.40219.1
Project("{9A19103F-16F7-4668-BE54-9A1E7A4F7556}") = "DnDLibraly", "DnDLibraly\DnDLibraly.csproj", "{D2DF16D8-8DB7-499E-8644-74EE09E727B0}"
EndProject
Project("{FAE04EC0-301F-11D3-BF4B-00C04F79EFBC}") = "DnDProjectFrontEnd", "DnDProjectFrontEnd\DnDProjectFrontEnd.csproj", "{3D45B037-5D99-4BC9-9C3C-317D49AD81DA}"
EndProject
Project("{9A19103F-16F7-4668-BE54-9A1E7A4F7556}") = "DnDProjectModels", "DnDProjectModels\DnDProjectModels.csproj", "{2586C4C8-6F4D-4162-8399-44E16832046D}"
EndProject
Global
	GlobalSection(SolutionConfigurationPlatforms) = preSolution
		Debug|Any CPU = Debug|Any CPU
		Release|Any CPU = Release|Any CPU
	EndGlobalSection
	GlobalSection(ProjectConfigurationPlatforms) = postSolution
		{D2DF16D8-8DB7-499E-8644-74EE09E727B0}.Debug|Any CPU.ActiveCfg = Debug|Any CPU
		{D2DF16D8-8DB7-499E-8644-74EE09E727B0}.Debug|Any CPU.Build.0 = Debug|Any CPU
		{D2DF16D8-8DB7-499E-8644-74EE09E727B0}.Release|Any CPU.ActiveCfg = Release|Any CPU
		{D2DF16D8-8DB7-499E-8644-74EE09E727B0}.Release|Any CPU.Build.0 = Release|Any CPU
		{3D45B037-5D99-4BC9-9C3C-317D49AD81DA}.Debug|Any CPU.ActiveCfg = Release|Any CPU
		{3D45B037-5D99-4BC9-9C3C-317D49AD81DA}.Debug|Any CPU.Build.0 = Release|Any CPU
		{3D45B037-5D99-4BC9-9C3C-317D49AD81DA}.Release|Any CPU.ActiveCfg = Release|Any CPU
		{3D45B037-5D99-4BC9-9C3C-317D49AD81DA}.Release|Any CPU.Build.0 = Release|Any CPU
		{2586C4C8-6F4D-4162-8399-44E16832046D}.Debug|Any CPU.ActiveCfg = Debug|Any CPU
		{2586C4C8-6F4D-4162-8399-44E16832046D}.Debug|Any CPU.Build.0 = Debug|Any CPU
		{2586C4C8-6F4D-4162-8399-44E16832046D}.Release|Any CPU.ActiveCfg = Release|Any CPU
		{2586C4C8-6F4D-4162-8399-44E16832046D}.Release|Any CPU.Build.0 = Release|Any CPU
	EndGlobalSection
	GlobalSection(SolutionProperties) = preSolution
		HideSolutionNode = FALSE
	EndGlobalSection
	GlobalSection(ExtensibilityGlobals) = postSolution
		SolutionGuid = {EAF4D14A-4961-449E-B353-0E7DD06EC2E2}
	EndGlobalSection
EndGlobal
